
Microsoft Visual Studio Solution File, Format Version 12.00
# Visual Studio Version 16
VisualStudioVersion = 16.0.30225.117
MinimumVisualStudioVersion = 10.0.40219.1
Project("{FAE04EC0-301F-11D3-BF4B-00C04F79EFBC}") = "Section10_ExercicioProposto_137", "Section10_ExercicioProposto_137\Section10_ExercicioProposto_137.csproj", "{09F50B86-5218-4C78-A855-332F64630DB6}"
EndProject
Global
	GlobalSection(SolutionConfigurationPlatforms) = preSolution
		Debug|Any CPU = Debug|Any CPU
		Release|Any CPU = Release|Any CPU
	EndGlobalSection
	GlobalSection(ProjectConfigurationPlatforms) = postSolution
		{09F50B86-5218-4C78-A855-332F64630DB6}.Debug|Any CPU.ActiveCfg = Debug|Any CPU
		{09F50B86-5218-4C78-A855-332F64630DB6}.Debug|Any CPU.Build.0 = Debug|Any CPU
		{09F50B86-5218-4C78-A855-332F64630DB6}.Release|Any CPU.ActiveCfg = Release|Any CPU
		{09F50B86-5218-4C78-A855-332F64630DB6}.Release|Any CPU.Build.0 = Release|Any CPU
	EndGlobalSection
	GlobalSection(SolutionProperties) = preSolution
		HideSolutionNode = FALSE
	EndGlobalSection
	GlobalSection(ExtensibilityGlobals) = postSolution
		SolutionGuid = {B51C1768-5AD7-4933-8EC9-A9D767C15CF1}
	EndGlobalSection
EndGlobal
